
Microsoft Visual Studio Solution File, Format Version 12.00
# Visual Studio 2012
Project("{FAE04EC0-301F-11D3-BF4B-00C04F79EFBC}") = "Myweb", "Myweb\Myweb.csproj", "{541A958A-7998-4E1E-A287-EE3B60BE892D}"
EndProject
Global
	GlobalSection(SolutionConfigurationPlatforms) = preSolution
		Debug|Any CPU = Debug|Any CPU
		Release|Any CPU = Release|Any CPU
	EndGlobalSection
	GlobalSection(ProjectConfigurationPlatforms) = postSolution
		{541A958A-7998-4E1E-A287-EE3B60BE892D}.Debug|Any CPU.ActiveCfg = Debug|Any CPU
		{541A958A-7998-4E1E-A287-EE3B60BE892D}.Debug|Any CPU.Build.0 = Debug|Any CPU
		{541A958A-7998-4E1E-A287-EE3B60BE892D}.Release|Any CPU.ActiveCfg = Release|Any CPU
		{541A958A-7998-4E1E-A287-EE3B60BE892D}.Release|Any CPU.Build.0 = Release|Any CPU
	EndGlobalSection
	GlobalSection(SolutionProperties) = preSolution
		HideSolutionNode = FALSE
	EndGlobalSection
EndGlobal
